
Microsoft Visual Studio Solution File, Format Version 12.00
# Visual Studio Version 17
VisualStudioVersion = 17.6.33815.320
MinimumVisualStudioVersion = 10.0.40219.1
Project("{2150E333-8FDC-42A3-9474-1A3956D46DE8}") = "Solution Items", "Solution Items", "{9FD08B27-A8FB-448F-81E4-B7265FF1CD16}"
	ProjectSection(SolutionItems) = preProject
		.editorconfig = .editorconfig
		.gitattributes = .gitattributes
		.gitignore = .gitignore
		global.json = global.json
		LICENSE.txt = LICENSE.txt
		README.md = README.md
	EndProjectSection
EndProject
Project("{2150E333-8FDC-42A3-9474-1A3956D46DE8}") = "AbstractFactory", "AbstractFactory", "{33DB176A-7F72-40DA-BBC1-E2DD9FD356BE}"
EndProject
Project("{9A19103F-16F7-4668-BE54-9A1E7A4F7556}") = "AbstractFactory", "AbstractFactory\AbstractFactory.csproj", "{8B6C2408-02F7-4629-8521-D95E36B5CE80}"
EndProject
Project("{2150E333-8FDC-42A3-9474-1A3956D46DE8}") = "Flyweight", "Flyweight", "{6100E41F-7F20-45FD-A3AE-C360CCD3781B}"
EndProject
Project("{9A19103F-16F7-4668-BE54-9A1E7A4F7556}") = "Flyweight", "Flyweight\Flyweight.csproj", "{1A841628-7332-4617-963C-0BAA4AA2BB00}"
EndProject
Project("{2150E333-8FDC-42A3-9474-1A3956D46DE8}") = "Facade", "Facade", "{6BF02935-2B8E-4EBB-BD56-E631CD089394}"
EndProject
Project("{9A19103F-16F7-4668-BE54-9A1E7A4F7556}") = "Facade", "Facade\Facade.csproj", "{70C18BA2-04EF-4C99-B2AC-7539F86FA8CE}"
EndProject
Project("{2150E333-8FDC-42A3-9474-1A3956D46DE8}") = "Adapter", "Adapter", "{02890845-7EA5-47CC-802F-9AE906102F9B}"
EndProject
Project("{2150E333-8FDC-42A3-9474-1A3956D46DE8}") = "Memento", "Memento", "{46EA08B2-CC74-4280-A689-B092CE17C8EA}"
EndProject
Project("{FAE04EC0-301F-11D3-BF4B-00C04F79EFBC}") = "Adapter", "Adapter\Adapter.csproj", "{FDFC3EE3-C69E-4C94-B6FE-FF44E01E0E6A}"
EndProject
Project("{FAE04EC0-301F-11D3-BF4B-00C04F79EFBC}") = "Memento", "Memento\Memento.csproj", "{6DD2E1D2-6E3F-4DAC-9ABC-DC6B67D80CF0}"
EndProject
Global
	GlobalSection(SolutionConfigurationPlatforms) = preSolution
		Debug|Any CPU = Debug|Any CPU
		Release|Any CPU = Release|Any CPU
	EndGlobalSection
	GlobalSection(ProjectConfigurationPlatforms) = postSolution
		{8B6C2408-02F7-4629-8521-D95E36B5CE80}.Debug|Any CPU.ActiveCfg = Debug|Any CPU
		{8B6C2408-02F7-4629-8521-D95E36B5CE80}.Debug|Any CPU.Build.0 = Debug|Any CPU
		{8B6C2408-02F7-4629-8521-D95E36B5CE80}.Release|Any CPU.ActiveCfg = Release|Any CPU
		{8B6C2408-02F7-4629-8521-D95E36B5CE80}.Release|Any CPU.Build.0 = Release|Any CPU
		{1A841628-7332-4617-963C-0BAA4AA2BB00}.Debug|Any CPU.ActiveCfg = Debug|Any CPU
		{1A841628-7332-4617-963C-0BAA4AA2BB00}.Debug|Any CPU.Build.0 = Debug|Any CPU
		{1A841628-7332-4617-963C-0BAA4AA2BB00}.Release|Any CPU.ActiveCfg = Release|Any CPU
		{1A841628-7332-4617-963C-0BAA4AA2BB00}.Release|Any CPU.Build.0 = Release|Any CPU
		{70C18BA2-04EF-4C99-B2AC-7539F86FA8CE}.Debug|Any CPU.ActiveCfg = Debug|Any CPU
		{70C18BA2-04EF-4C99-B2AC-7539F86FA8CE}.Debug|Any CPU.Build.0 = Debug|Any CPU
		{70C18BA2-04EF-4C99-B2AC-7539F86FA8CE}.Release|Any CPU.ActiveCfg = Release|Any CPU
		{70C18BA2-04EF-4C99-B2AC-7539F86FA8CE}.Release|Any CPU.Build.0 = Release|Any CPU
		{FDFC3EE3-C69E-4C94-B6FE-FF44E01E0E6A}.Debug|Any CPU.ActiveCfg = Debug|Any CPU
		{FDFC3EE3-C69E-4C94-B6FE-FF44E01E0E6A}.Debug|Any CPU.Build.0 = Debug|Any CPU
		{FDFC3EE3-C69E-4C94-B6FE-FF44E01E0E6A}.Release|Any CPU.ActiveCfg = Release|Any CPU
		{FDFC3EE3-C69E-4C94-B6FE-FF44E01E0E6A}.Release|Any CPU.Build.0 = Release|Any CPU
		{6DD2E1D2-6E3F-4DAC-9ABC-DC6B67D80CF0}.Debug|Any CPU.ActiveCfg = Debug|Any CPU
		{6DD2E1D2-6E3F-4DAC-9ABC-DC6B67D80CF0}.Debug|Any CPU.Build.0 = Debug|Any CPU
		{6DD2E1D2-6E3F-4DAC-9ABC-DC6B67D80CF0}.Release|Any CPU.ActiveCfg = Release|Any CPU
		{6DD2E1D2-6E3F-4DAC-9ABC-DC6B67D80CF0}.Release|Any CPU.Build.0 = Release|Any CPU
	EndGlobalSection
	GlobalSection(SolutionProperties) = preSolution
		HideSolutionNode = FALSE
	EndGlobalSection
	GlobalSection(NestedProjects) = preSolution
		{8B6C2408-02F7-4629-8521-D95E36B5CE80} = {33DB176A-7F72-40DA-BBC1-E2DD9FD356BE}
		{1A841628-7332-4617-963C-0BAA4AA2BB00} = {6100E41F-7F20-45FD-A3AE-C360CCD3781B}
		{70C18BA2-04EF-4C99-B2AC-7539F86FA8CE} = {6BF02935-2B8E-4EBB-BD56-E631CD089394}
		{FDFC3EE3-C69E-4C94-B6FE-FF44E01E0E6A} = {02890845-7EA5-47CC-802F-9AE906102F9B}
		{6DD2E1D2-6E3F-4DAC-9ABC-DC6B67D80CF0} = {46EA08B2-CC74-4280-A689-B092CE17C8EA}
	EndGlobalSection
	GlobalSection(ExtensibilityGlobals) = postSolution
		SolutionGuid = {CF79548B-2579-4A3E-88E0-5385D6A8D0EB}
	EndGlobalSection
EndGlobal
